
Microsoft Visual Studio Solution File, Format Version 12.00
# Visual Studio Version 16
VisualStudioVersion = 16.0.30517.126
MinimumVisualStudioVersion = 10.0.40219.1
Project("{FAE04EC0-301F-11D3-BF4B-00C04F79EFBC}") = "GameDevBlog.Web", "GameDevBlog.Web\GameDevBlog.Web.csproj", "{87EA710E-6C11-41B8-8E25-49AF48F986F3}"
EndProject
Project("{FAE04EC0-301F-11D3-BF4B-00C04F79EFBC}") = "GameDevBlog.Data", "GameDevBlog.Data\GameDevBlog.Data.csproj", "{F6B0FD26-814E-4F7C-A956-9C64ADD51976}"
EndProject
Global
	GlobalSection(SolutionConfigurationPlatforms) = preSolution
		Debug|Any CPU = Debug|Any CPU
		Release|Any CPU = Release|Any CPU
	EndGlobalSection
	GlobalSection(ProjectConfigurationPlatforms) = postSolution
		{87EA710E-6C11-41B8-8E25-49AF48F986F3}.Debug|Any CPU.ActiveCfg = Debug|Any CPU
		{87EA710E-6C11-41B8-8E25-49AF48F986F3}.Debug|Any CPU.Build.0 = Debug|Any CPU
		{87EA710E-6C11-41B8-8E25-49AF48F986F3}.Release|Any CPU.ActiveCfg = Release|Any CPU
		{87EA710E-6C11-41B8-8E25-49AF48F986F3}.Release|Any CPU.Build.0 = Release|Any CPU
		{F6B0FD26-814E-4F7C-A956-9C64ADD51976}.Debug|Any CPU.ActiveCfg = Debug|Any CPU
		{F6B0FD26-814E-4F7C-A956-9C64ADD51976}.Debug|Any CPU.Build.0 = Debug|Any CPU
		{F6B0FD26-814E-4F7C-A956-9C64ADD51976}.Release|Any CPU.ActiveCfg = Release|Any CPU
		{F6B0FD26-814E-4F7C-A956-9C64ADD51976}.Release|Any CPU.Build.0 = Release|Any CPU
	EndGlobalSection
	GlobalSection(SolutionProperties) = preSolution
		HideSolutionNode = FALSE
	EndGlobalSection
	GlobalSection(ExtensibilityGlobals) = postSolution
		SolutionGuid = {9CB46AF6-E4F1-4E34-8B4C-99F796E578D7}
	EndGlobalSection
EndGlobal
